<?xml version="1.0" encoding="utf-8"?>
<Project ToolsVersion="4.0" xmlns="http://schemas.microsoft.com/developer/msbuild/2003">
  <ItemGroup>
    <Filter Include="Code">
      <UniqueIdentifier>{4FC737F1-C7A5-4376-A066-2A32D752A2FF}</UniqueIdentifier>
      <Extensions>cpp;c;cc;cxx;def;odl;idl;hpj;bat;asm;asmx</Extensions>
    </Filter>
    <Filter Include="World">
      <UniqueIdentifier>{fe2279b8-fe91-42cb-a4c3-6992d461110d}</UniqueIdentifier>
    </Filter>
    <Filter Include="World\Entities">
      <UniqueIdentifier>{93995380-89BD-4b04-88EB-625FBE52EBFB}</UniqueIdentifier>
      <Extensions>h;hh;hpp;hxx;hm;inl;inc;xsd</Extensions>
    </Filter>
    <Filter Include="World\Entities\Objects">
      <UniqueIdentifier>{37319f68-53df-472c-804d-9b25e13c721c}</UniqueIdentifier>
    </Filter>
    <Filter Include="World\Entities\Scenes">
      <UniqueIdentifier>{dd6eeef1-3b17-44c1-b384-72ee3e6f701d}</UniqueIdentifier>
    </Filter>
    <Filter Include="World\Entities\Creatures">
      <UniqueIdentifier>{ced229d4-81e2-483f-93c0-bef593e4f5a0}</UniqueIdentifier>
    </Filter>
    <Filter Include="World\Entities\Creatures\NPCs">
      <UniqueIdentifier>{1ba4b443-fb68-4d25-a602-8c6614670533}</UniqueIdentifier>
    </Filter>
    <Filter Include="World\Entities\Creatures\Player">
      <UniqueIdentifier>{5a7207cb-4efc-46a2-9243-ef0c0c20262e}</UniqueIdentifier>
    </Filter>
    <Filter Include="Source Tanks">
      <UniqueIdentifier>{3f8ae41b-4639-4aa9-9258-27fb6bbce91d}</UniqueIdentifier>
    </Filter>
    <Filter Include="Data Source">
      <UniqueIdentifier>{cf4b3fcf-1610-4bb9-a5b2-44c0b3b5d3e5}</UniqueIdentifier>
    </Filter>
    <Filter Include="World\Entities\Objects\Equipment">
      <UniqueIdentifier>{ef00cd69-9fe5-4db5-8ebc-f37600209e3f}</UniqueIdentifier>
    </Filter>
    <Filter Include="World\Entities\Objects\Potions">
      <UniqueIdentifier>{d64dabf2-d029-48eb-9a18-758c2040fb15}</UniqueIdentifier>
    </Filter>
    <Filter Include="World\Entities\Objects\Runes">
      <UniqueIdentifier>{388140b7-970e-48be-8f50-4568a28ea2b6}</UniqueIdentifier>
    </Filter>
  </ItemGroup>
  <ItemGroup>
    <ClCompile Include="main.cpp">
      <Filter>Code</Filter>
    </ClCompile>
    <ClCompile Include="string.cpp">
      <Filter>Source Tanks</Filter>
    </ClCompile>
    <ClCompile Include="world.cpp">
      <Filter>World</Filter>
    </ClCompile>
    <ClCompile Include="entity.cpp">
      <Filter>World\Entities</Filter>
    </ClCompile>
    <ClCompile Include="creature.cpp">
      <Filter>World\Entities\Creatures</Filter>
    </ClCompile>
    <ClCompile Include="object.cpp">
      <Filter>World\Entities\Objects</Filter>
    </ClCompile>
    <ClCompile Include="player.cpp">
      <Filter>World\Entities\Creatures\Player</Filter>
    </ClCompile>
    <ClCompile Include="room.cpp">
      <Filter>World\Entities\Scenes</Filter>
    </ClCompile>
    <ClCompile Include="Data_Source.cpp">
      <Filter>Data Source</Filter>
    </ClCompile>
    <ClCompile Include="potion.cpp">
      <Filter>World\Entities\Objects\Potions</Filter>
    </ClCompile>
    <ClCompile Include="equipment.cpp">
      <Filter>World\Entities\Objects\Equipment</Filter>
    </ClCompile>
    <ClCompile Include="rune.cpp">
      <Filter>World\Entities\Objects\Runes</Filter>
    </ClCompile>
  </ItemGroup>
  <ItemGroup>
    <ClInclude Include="entity.h">
      <Filter>World\Entities</Filter>
    </ClInclude>
    <ClInclude Include="double_list.h">
      <Filter>Source Tanks</Filter>
    </ClInclude>
    <ClInclude Include="World.h">
      <Filter>World</Filter>
    </ClInclude>
    <ClInclude Include="string.h">
      <Filter>Source Tanks</Filter>
    </ClInclude>
    <ClInclude Include="vector.h">
      <Filter>Source Tanks</Filter>
    </ClInclude>
    <ClInclude Include="object.h">
      <Filter>World\Entities\Objects</Filter>
    </ClInclude>
    <ClInclude Include="creature.h">
      <Filter>World\Entities\Creatures</Filter>
    </ClInclude>
    <ClInclude Include="room.h">
      <Filter>World\Entities\Scenes</Filter>
    </ClInclude>
    <ClInclude Include="Goblin.h">
      <Filter>World\Entities\Creatures\NPCs</Filter>
    </ClInclude>
    <ClInclude Include="Merchant.h">
      <Filter>World\Entities\Creatures\NPCs</Filter>
    </ClInclude>
    <ClInclude Include="player.h">
      <Filter>World\Entities\Creatures\Player</Filter>
    </ClInclude>
    <ClInclude Include="Runner.h">
      <Filter>World\Entities\Creatures\NPCs</Filter>
    </ClInclude>
    <ClInclude Include="Data_Source.h">
      <Filter>Data Source</Filter>
    </ClInclude>
    <ClInclude Include="Globals.h">
      <Filter>Code</Filter>
    </ClInclude>
    <ClInclude Include="potion.h">
      <Filter>World\Entities\Objects\Potions</Filter>
    </ClInclude>
    <ClInclude Include="equipment.h">
      <Filter>World\Entities\Objects\Equipment</Filter>
    </ClInclude>
    <ClInclude Include="rune.h">
      <Filter>World\Entities\Objects\Runes</Filter>
    </ClInclude>
  </ItemGroup>
</Project>